
Microsoft Visual Studio Solution File, Format Version 12.00
# Visual Studio Version 16
VisualStudioVersion = 16.0.30204.135
MinimumVisualStudioVersion = 10.0.40219.1
Project("{9A19103F-16F7-4668-BE54-9A1E7A4F7556}") = "Zone.Website", ".\Zone.Website\Zone.Website.csproj", "{840742DB-138B-4A45-9071-A9BA7DF8D207}"
EndProject
Project("{9A19103F-16F7-4668-BE54-9A1E7A4F7556}") = "Spotify.OAuth", ".\Spotify.OAuth\Spotify.OAuth.csproj", "{96827CAF-8FFE-4997-AB3E-23228F4AC6D4}"
EndProject
Project("{9A19103F-16F7-4668-BE54-9A1E7A4F7556}") = "Zone.Api", ".\Zone.Api\Zone.Api.csproj", "{BE6F8D23-FB3C-4AFC-BF14-9C0CAD2DDAC1}"
EndProject
Project("{FAE04EC0-301F-11D3-BF4B-00C04F79EFBC}") = "Zone.Core", ".\Zone.Core\Zone.Core.csproj", "{D513F688-FCD5-423C-A812-7B81FB778C86}"
EndProject
Global
	GlobalSection(SolutionConfigurationPlatforms) = preSolution
		Debug|Any CPU = Debug|Any CPU
		Release|Any CPU = Release|Any CPU
	EndGlobalSection
	GlobalSection(ProjectConfigurationPlatforms) = postSolution
		{840742DB-138B-4A45-9071-A9BA7DF8D207}.Debug|Any CPU.ActiveCfg = Debug|Any CPU
		{840742DB-138B-4A45-9071-A9BA7DF8D207}.Debug|Any CPU.Build.0 = Debug|Any CPU
		{840742DB-138B-4A45-9071-A9BA7DF8D207}.Release|Any CPU.ActiveCfg = Release|Any CPU
		{840742DB-138B-4A45-9071-A9BA7DF8D207}.Release|Any CPU.Build.0 = Release|Any CPU
		{96827CAF-8FFE-4997-AB3E-23228F4AC6D4}.Debug|Any CPU.ActiveCfg = Debug|Any CPU
		{96827CAF-8FFE-4997-AB3E-23228F4AC6D4}.Debug|Any CPU.Build.0 = Debug|Any CPU
		{96827CAF-8FFE-4997-AB3E-23228F4AC6D4}.Release|Any CPU.ActiveCfg = Release|Any CPU
		{96827CAF-8FFE-4997-AB3E-23228F4AC6D4}.Release|Any CPU.Build.0 = Release|Any CPU
		{BE6F8D23-FB3C-4AFC-BF14-9C0CAD2DDAC1}.Debug|Any CPU.ActiveCfg = Debug|Any CPU
		{BE6F8D23-FB3C-4AFC-BF14-9C0CAD2DDAC1}.Debug|Any CPU.Build.0 = Debug|Any CPU
		{BE6F8D23-FB3C-4AFC-BF14-9C0CAD2DDAC1}.Release|Any CPU.ActiveCfg = Release|Any CPU
		{BE6F8D23-FB3C-4AFC-BF14-9C0CAD2DDAC1}.Release|Any CPU.Build.0 = Release|Any CPU
		{D513F688-FCD5-423C-A812-7B81FB778C86}.Debug|Any CPU.ActiveCfg = Debug|Any CPU
		{D513F688-FCD5-423C-A812-7B81FB778C86}.Debug|Any CPU.Build.0 = Debug|Any CPU
		{D513F688-FCD5-423C-A812-7B81FB778C86}.Release|Any CPU.ActiveCfg = Release|Any CPU
		{D513F688-FCD5-423C-A812-7B81FB778C86}.Release|Any CPU.Build.0 = Release|Any CPU
	EndGlobalSection
	GlobalSection(SolutionProperties) = preSolution
		HideSolutionNode = FALSE
	EndGlobalSection
	GlobalSection(ExtensibilityGlobals) = postSolution
		SolutionGuid = {060BBF8C-0787-431E-9C96-D471C2BDF2B1}
	EndGlobalSection
EndGlobal
